
Microsoft Visual Studio Solution File, Format Version 12.00
# Visual Studio Version 17
VisualStudioVersion = 17.11.35219.272
MinimumVisualStudioVersion = 10.0.40219.1
Project("{888888A0-9F3D-457C-B088-3A5042F75D52}") = "sentiment_predict", "sentiment_predict.pyproj", "{84FD4214-C3E6-4085-929D-C76EDD038503}"
EndProject
Global
	GlobalSection(SolutionConfigurationPlatforms) = preSolution
		Debug|Any CPU = Debug|Any CPU
		Release|Any CPU = Release|Any CPU
	EndGlobalSection
	GlobalSection(ProjectConfigurationPlatforms) = postSolution
		{84FD4214-C3E6-4085-929D-C76EDD038503}.Debug|Any CPU.ActiveCfg = Debug|Any CPU
		{84FD4214-C3E6-4085-929D-C76EDD038503}.Release|Any CPU.ActiveCfg = Release|Any CPU
	EndGlobalSection
	GlobalSection(SolutionProperties) = preSolution
		HideSolutionNode = FALSE
	EndGlobalSection
	GlobalSection(ExtensibilityGlobals) = postSolution
		SolutionGuid = {117B315D-7093-4611-B0EA-4638BB5E9B26}
	EndGlobalSection
EndGlobal
